
Microsoft Visual Studio Solution File, Format Version 12.00
# Visual Studio Version 16
VisualStudioVersion = 16.0.32002.261
MinimumVisualStudioVersion = 10.0.40219.1
Project("{FAE04EC0-301F-11D3-BF4B-00C04F79EFBC}") = "ConnectToFireBirdDB", "ConnectToFireBirdDB\ConnectToFireBirdDB.csproj", "{B4D8FD8C-98C7-4ABF-98F0-17DEB95D2F14}"
EndProject
Global
	GlobalSection(SolutionConfigurationPlatforms) = preSolution
		Debug|Any CPU = Debug|Any CPU
		Release|Any CPU = Release|Any CPU
	EndGlobalSection
	GlobalSection(ProjectConfigurationPlatforms) = postSolution
		{B4D8FD8C-98C7-4ABF-98F0-17DEB95D2F14}.Debug|Any CPU.ActiveCfg = Debug|Any CPU
		{B4D8FD8C-98C7-4ABF-98F0-17DEB95D2F14}.Debug|Any CPU.Build.0 = Debug|Any CPU
		{B4D8FD8C-98C7-4ABF-98F0-17DEB95D2F14}.Release|Any CPU.ActiveCfg = Release|Any CPU
		{B4D8FD8C-98C7-4ABF-98F0-17DEB95D2F14}.Release|Any CPU.Build.0 = Release|Any CPU
	EndGlobalSection
	GlobalSection(SolutionProperties) = preSolution
		HideSolutionNode = FALSE
	EndGlobalSection
	GlobalSection(ExtensibilityGlobals) = postSolution
		SolutionGuid = {A4CC6929-DBB4-46DE-8272-18544D4332D4}
	EndGlobalSection
EndGlobal
